
Microsoft Visual Studio Solution File, Format Version 12.00
# Visual Studio Version 17
VisualStudioVersion = 17.7.34024.191
MinimumVisualStudioVersion = 10.0.40219.1
Project("{FAE04EC0-301F-11D3-BF4B-00C04F79EFBC}") = "Lab3.6", "Lab3.6.csproj", "{1B794D16-59A4-4B27-A57F-8BBC60B86294}"
EndProject
Global
	GlobalSection(SolutionConfigurationPlatforms) = preSolution
		Debug|Any CPU = Debug|Any CPU
		Release|Any CPU = Release|Any CPU
	EndGlobalSection
	GlobalSection(ProjectConfigurationPlatforms) = postSolution
		{1B794D16-59A4-4B27-A57F-8BBC60B86294}.Debug|Any CPU.ActiveCfg = Debug|Any CPU
		{1B794D16-59A4-4B27-A57F-8BBC60B86294}.Debug|Any CPU.Build.0 = Debug|Any CPU
		{1B794D16-59A4-4B27-A57F-8BBC60B86294}.Release|Any CPU.ActiveCfg = Release|Any CPU
		{1B794D16-59A4-4B27-A57F-8BBC60B86294}.Release|Any CPU.Build.0 = Release|Any CPU
	EndGlobalSection
	GlobalSection(SolutionProperties) = preSolution
		HideSolutionNode = FALSE
	EndGlobalSection
	GlobalSection(ExtensibilityGlobals) = postSolution
		SolutionGuid = {B483ECDE-A452-4E3D-9831-FA9736698598}
	EndGlobalSection
EndGlobal
